
Microsoft Visual Studio Solution File, Format Version 12.00
# Visual Studio Version 17
VisualStudioVersion = 17.9.34701.34
MinimumVisualStudioVersion = 10.0.40219.1
Project("{FAE04EC0-301F-11D3-BF4B-00C04F79EFBC}") = "MiniShell", "MiniShell\MiniShell.csproj", "{597ACEE0-9E98-4ACC-A567-204F5BA3BEFB}"
EndProject
Global
	GlobalSection(SolutionConfigurationPlatforms) = preSolution
		Debug|Any CPU = Debug|Any CPU
		Release|Any CPU = Release|Any CPU
	EndGlobalSection
	GlobalSection(ProjectConfigurationPlatforms) = postSolution
		{597ACEE0-9E98-4ACC-A567-204F5BA3BEFB}.Debug|Any CPU.ActiveCfg = Debug|Any CPU
		{597ACEE0-9E98-4ACC-A567-204F5BA3BEFB}.Debug|Any CPU.Build.0 = Debug|Any CPU
		{597ACEE0-9E98-4ACC-A567-204F5BA3BEFB}.Release|Any CPU.ActiveCfg = Release|Any CPU
		{597ACEE0-9E98-4ACC-A567-204F5BA3BEFB}.Release|Any CPU.Build.0 = Release|Any CPU
	EndGlobalSection
	GlobalSection(SolutionProperties) = preSolution
		HideSolutionNode = FALSE
	EndGlobalSection
	GlobalSection(ExtensibilityGlobals) = postSolution
		SolutionGuid = {1EF09784-9A51-4EC1-A548-A65FBC67A3C6}
	EndGlobalSection
EndGlobal
